
Microsoft Visual Studio Solution File, Format Version 12.00
# Visual Studio Version 17
VisualStudioVersion = 17.2.32516.85
MinimumVisualStudioVersion = 10.0.40219.1
Project("{FAE04EC0-301F-11D3-BF4B-00C04F79EFBC}") = "TangyWeb_Server", "TangyWeb_Server\TangyWeb_Server.csproj", "{B703A233-1AF4-4C3D-99CD-8BDACBD79852}"
EndProject
Global
	GlobalSection(SolutionConfigurationPlatforms) = preSolution
		Debug|Any CPU = Debug|Any CPU
		Release|Any CPU = Release|Any CPU
	EndGlobalSection
	GlobalSection(ProjectConfigurationPlatforms) = postSolution
		{B703A233-1AF4-4C3D-99CD-8BDACBD79852}.Debug|Any CPU.ActiveCfg = Debug|Any CPU
		{B703A233-1AF4-4C3D-99CD-8BDACBD79852}.Debug|Any CPU.Build.0 = Debug|Any CPU
		{B703A233-1AF4-4C3D-99CD-8BDACBD79852}.Release|Any CPU.ActiveCfg = Release|Any CPU
		{B703A233-1AF4-4C3D-99CD-8BDACBD79852}.Release|Any CPU.Build.0 = Release|Any CPU
	EndGlobalSection
	GlobalSection(SolutionProperties) = preSolution
		HideSolutionNode = FALSE
	EndGlobalSection
	GlobalSection(ExtensibilityGlobals) = postSolution
		SolutionGuid = {720BAC14-C6AA-4871-A8EF-6AC659C8D3D2}
	EndGlobalSection
EndGlobal
